// !$*UTF8*$!
{
	archiveVersion = 1;
	classes = {
	};
	objectVersion = 46;
	objects = {

/* Begin PBXBuildFile section */
		0C65C8031DBDDEE9001CAA2B /* main.m in Sources */ = {isa = PBXBuildFile; fileRef = 0C65C8021DBDDEE9001CAA2B /* main.m */; };
		0C65C8061DBDDEE9001CAA2B /* AppDelegate.m in Sources */ = {isa = PBXBuildFile; fileRef = 0C65C8051DBDDEE9001CAA2B /* AppDelegate.m */; };
		0C65C8091DBDDEE9001CAA2B /* ViewController.m in Sources */ = {isa = PBXBuildFile; fileRef = 0C65C8081DBDDEE9001CAA2B /* ViewController.m */; };
		0C65C80C1DBDDEE9001CAA2B /* Main.storyboard in Resources */ = {isa = PBXBuildFile; fileRef = 0C65C80A1DBDDEE9001CAA2B /* Main.storyboard */; };
		0C65C80E1DBDDEE9001CAA2B /* Assets.xcassets in Resources */ = {isa = PBXBuildFile; fileRef = 0C65C80D1DBDDEE9001CAA2B /* Assets.xcassets */; };
		0C65C8111DBDDEE9001CAA2B /* LaunchScreen.storyboard in Resources */ = {isa = PBXBuildFile; fileRef = 0C65C80F1DBDDEE9001CAA2B /* LaunchScreen.storyboard */; };
		0C65C81B1DBDE0CB001CAA2B /* MyCustomView.m in Sources */ = {isa = PBXBuildFile; fileRef = 0C65C81A1DBDE0CB001CAA2B /* MyCustomView.m */; };
		0C65C84C1DBE2CF3001CAA2B /* MyPrivateLibResouce.bundle in Resources */ = {isa = PBXBuildFile; fileRef = 0C65C84B1DBE2CF3001CAA2B /* MyPrivateLibResouce.bundle */; };
/* End PBXBuildFile section */

/* Begin PBXFileReference section */
		0C65C7FE1DBDDEE9001CAA2B /* PrivateSpecDemo.app */ = {isa = PBXFileReference; explicitFileType = wrapper.application; includeInIndex = 0; path = PrivateSpecDemo.app; sourceTree = BUILT_PRODUCTS_DIR; };
		0C65C8021DBDDEE9001CAA2B /* main.m */ = {isa = PBXFileReference; lastKnownFileType = sourcecode.c.objc; path = main.m; sourceTree = "<group>"; };
		0C65C8041DBDDEE9001CAA2B /* AppDelegate.h */ = {isa = PBXFileReference; lastKnownFileType = sourcecode.c.h; path = AppDelegate.h; sourceTree = "<group>"; };
		0C65C8051DBDDEE9001CAA2B /* AppDelegate.m */ = {isa = PBXFileReference; lastKnownFileType = sourcecode.c.objc; path = AppDelegate.m; sourceTree = "<group>"; };
		0C65C8071DBDDEE9001CAA2B /* ViewController.h */ = {isa = PBXFileReference; lastKnownFileType = sourcecode.c.h; path = ViewController.h; sourceTree = "<group>"; };
		0C65C8081DBDDEE9001CAA2B /* ViewController.m */ = {isa = PBXFileReference; lastKnownFileType = sourcecode.c.objc; path = ViewController.m; sourceTree = "<group>"; };
		0C65C80B1DBDDEE9001CAA2B /* Base */ = {isa = PBXFileReference; lastKnownFileType = file.storyboard; name = Base; path = Base.lproj/Main.storyboard; sourceTree = "<group>"; };
		0C65C80D1DBDDEE9001CAA2B /* Assets.xcassets */ = {isa = PBXFileReference; lastKnownFileType = folder.assetcatalog; path = Assets.xcassets; sourceTree = "<group>"; };
		0C65C8101DBDDEE9001CAA2B /* Base */ = {isa = PBXFileReference; lastKnownFileType = file.storyboard; name = Base; path = Base.lproj/LaunchScreen.storyboard; sourceTree = "<group>"; };
		0C65C8121DBDDEE9001CAA2B /* Info.plist */ = {isa = PBXFileReference; lastKnownFileType = text.plist.xml; path = Info.plist; sourceTree = "<group>"; };
		0C65C8191DBDE0CB001CAA2B /* MyCustomView.h */ = {isa = PBXFileReference; fileEncoding = 4; lastKnownFileType = sourcecode.c.h; path = MyCustomView.h; sourceTree = "<group>"; };
		0C65C81A1DBDE0CB001CAA2B /* MyCustomView.m */ = {isa = PBXFileReference; fileEncoding = 4; lastKnownFileType = sourcecode.c.objc; path = MyCustomView.m; sourceTree = "<group>"; };
		0C65C8261DBDF600001CAA2B /* VideoToolbox.framework */ = {isa = PBXFileReference; lastKnownFileType = wrapper.framework; name = VideoToolbox.framework; path = System/Library/Frameworks/VideoToolbox.framework; sourceTree = SDKROOT; };
		0C65C84B1DBE2CF3001CAA2B /* MyPrivateLibResouce.bundle */ = {isa = PBXFileReference; lastKnownFileType = "wrapper.plug-in"; path = MyPrivateLibResouce.bundle; sourceTree = "<group>"; };
/* End PBXFileReference section */

/* Begin PBXFrameworksBuildPhase section */
		0C65C7FB1DBDDEE9001CAA2B /* Frameworks */ = {
			isa = PBXFrameworksBuildPhase;
			buildActionMask = 2147483647;
			files = (
			);
			runOnlyForDeploymentPostprocessing = 0;
		};
/* End PBXFrameworksBuildPhase section */

/* Begin PBXGroup section */
		0C65C7F51DBDDEE9001CAA2B = {
			isa = PBXGroup;
			children = (
				0C65C8001DBDDEE9001CAA2B /* PrivateSpecDemo */,
				0C65C7FF1DBDDEE9001CAA2B /* Products */,
				0C65C8251DBDF600001CAA2B /* Frameworks */,
			);
			sourceTree = "<group>";
		};
		0C65C7FF1DBDDEE9001CAA2B /* Products */ = {
			isa = PBXGroup;
			children = (
				0C65C7FE1DBDDEE9001CAA2B /* PrivateSpecDemo.app */,
			);
			name = Products;
			sourceTree = "<group>";
		};
		0C65C8001DBDDEE9001CAA2B /* PrivateSpecDemo */ = {
			isa = PBXGroup;
			children = (
				0C65C8181DBDDF38001CAA2B /* MyPrivateLib */,
				0C65C8041DBDDEE9001CAA2B /* AppDelegate.h */,
				0C65C8051DBDDEE9001CAA2B /* AppDelegate.m */,
				0C65C8071DBDDEE9001CAA2B /* ViewController.h */,
				0C65C8081DBDDEE9001CAA2B /* ViewController.m */,
				0C65C80A1DBDDEE9001CAA2B /* Main.storyboard */,
				0C65C80D1DBDDEE9001CAA2B /* Assets.xcassets */,
				0C65C80F1DBDDEE9001CAA2B /* LaunchScreen.storyboard */,
				0C65C8121DBDDEE9001CAA2B /* Info.plist */,
				0C65C8011DBDDEE9001CAA2B /* Supporting Files */,
			);
			path = PrivateSpecDemo;
			sourceTree = "<group>";
		};
		0C65C8011DBDDEE9001CAA2B /* Supporting Files */ = {
			isa = PBXGroup;
			children = (
				0C65C8021DBDDEE9001CAA2B /* main.m */,
			);
			name = "Supporting Files";
			sourceTree = "<group>";
		};
		0C65C8181DBDDF38001CAA2B /* MyPrivateLib */ = {
			isa = PBXGroup;
			children = (
				0C65C8191DBDE0CB001CAA2B /* MyCustomView.h */,
				0C65C81A1DBDE0CB001CAA2B /* MyCustomView.m */,
				0C65C84B1DBE2CF3001CAA2B /* MyPrivateLibResouce.bundle */,
			);
			path = MyPrivateLib;
			sourceTree = "<group>";
		};
		0C65C8251DBDF600001CAA2B /* Frameworks */ = {
			isa = PBXGroup;
			children = (
				0C65C8261DBDF600001CAA2B /* VideoToolbox.framework */,
			);
			name = Frameworks;
			sourceTree = "<group>";
		};
/* End PBXGroup section */

/* Begin PBXNativeTarget section */
		0C65C7FD1DBDDEE9001CAA2B /* PrivateSpecDemo */ = {
			isa = PBXNativeTarget;
			buildConfigurationList = 0C65C8151DBDDEE9001CAA2B /* Build configuration list for PBXNativeTarget "PrivateSpecDemo" */;
			buildPhases = (
				0C65C7FA1DBDDEE9001CAA2B /* Sources */,
				0C65C7FB1DBDDEE9001CAA2B /* Frameworks */,
				0C65C7FC1DBDDEE9001CAA2B /* Resources */,
			);
			buildRules = (
			);
			dependencies = (
			);
			name = PrivateSpecDemo;
			productName = PrivateSpecDemo;
			productReference = 0C65C7FE1DBDDEE9001CAA2B /* PrivateSpecDemo.app */;
			productType = "com.apple.product-type.application";
		};
/* End PBXNativeTarget section */

/* Begin PBXProject section */
		0C65C7F61DBDDEE9001CAA2B /* Project object */ = {
			isa = PBXProject;
			attributes = {
				LastUpgradeCheck = 0800;
				ORGANIZATIONNAME = zhouhuanqiang;
				TargetAttributes = {
					0C65C7FD1DBDDEE9001CAA2B = {
						CreatedOnToolsVersion = 8.0;
						ProvisioningStyle = Automatic;
					};
				};
			};
			buildConfigurationList = 0C65C7F91DBDDEE9001CAA2B /* Build configuration list for PBXProject "PrivateSpecDemo" */;
			compatibilityVersion = "Xcode 3.2";
			developmentRegion = English;
			hasScannedForEncodings = 0;
			knownRegions = (
				en,
				Base,
			);
			mainGroup = 0C65C7F51DBDDEE9001CAA2B;
			productRefGroup = 0C65C7FF1DBDDEE9001CAA2B /* Products */;
			projectDirPath = "";
			projectRoot = "";
			targets = (
				0C65C7FD1DBDDEE9001CAA2B /* PrivateSpecDemo */,
			);
		};
/* End PBXProject section */

/* Begin PBXResourcesBuildPhase section */
		0C65C7FC1DBDDEE9001CAA2B /* Resources */ = {
			isa = PBXResourcesBuildPhase;
			buildActionMask = 2147483647;
			files = (
				0C65C8111DBDDEE9001CAA2B /* LaunchScreen.storyboard in Resources */,
				0C65C84C1DBE2CF3001CAA2B /* MyPrivateLibResouce.bundle in Resources */,
				0C65C80E1DBDDEE9001CAA2B /* Assets.xcassets in Resources */,
				0C65C80C1DBDDEE9001CAA2B /* Main.storyboard in Resources */,
			);
			runOnlyForDeploymentPostprocessing = 0;
		};
/* End PBXResourcesBuildPhase section */

/* Begin PBXSourcesBuildPhase section */
		0C65C7FA1DBDDEE9001CAA2B /* Sources */ = {
			isa = PBXSourcesBuildPhase;
			buildActionMask = 2147483647;
			files = (
				0C65C8091DBDDEE9001CAA2B /* ViewController.m in Sources */,
				0C65C81B1DBDE0CB001CAA2B /* MyCustomView.m in Sources */,
				0C65C8061DBDDEE9001CAA2B /* AppDelegate.m in Sources */,
				0C65C8031DBDDEE9001CAA2B /* main.m in Sources */,
			);
			runOnlyForDeploymentPostprocessing = 0;
		};
/* End PBXSourcesBuildPhase section */

/* Begin PBXVariantGroup section */
		0C65C80A1DBDDEE9001CAA2B /* Main.storyboard */ = {
			isa = PBXVariantGroup;
			children = (
				0C65C80B1DBDDEE9001CAA2B /* Base */,
			);
			name = Main.storyboard;
			sourceTree = "<group>";
		};
		0C65C80F1DBDDEE9001CAA2B /* LaunchScreen.storyboard */ = {
			isa = PBXVariantGroup;
			children = (
				0C65C8101DBDDEE9001CAA2B /* Base */,
			);
			name = LaunchScreen.storyboard;
			sourceTree = "<group>";
		};
/* End PBXVariantGroup section */

/* Begin XCBuildConfiguration section */
		0C65C8131DBDDEE9001CAA2B /* Debug */ = {
			isa = XCBuildConfiguration;
			buildSettings = {
				ALWAYS_SEARCH_USER_PATHS = NO;
				CLANG_ANALYZER_NONNULL = YES;
				CLANG_CXX_LANGUAGE_STANDARD = "gnu++0x";
				CLANG_CXX_LIBRARY = "libc++";
				CLANG_ENABLE_MODULES = YES;
				CLANG_ENABLE_OBJC_ARC = YES;
				CLANG_WARN_BOOL_CONVERSION = YES;
				CLANG_WARN_CONSTANT_CONVERSION = YES;
				CLANG_WARN_DIRECT_OBJC_ISA_USAGE = YES_ERROR;
				CLANG_WARN_DOCUMENTATION_COMMENTS = YES;
				CLANG_WARN_EMPTY_BODY = YES;
				CLANG_WARN_ENUM_CONVERSION = YES;
				CLANG_WARN_INFINITE_RECURSION = YES;
				CLANG_WARN_INT_CONVERSION = YES;
				CLANG_WARN_OBJC_ROOT_CLASS = YES_ERROR;
				CLANG_WARN_SUSPICIOUS_MOVES = YES;
				CLANG_WARN_UNREACHABLE_CODE = YES;
				CLANG_WARN__DUPLICATE_METHOD_MATCH = YES;
				"CODE_SIGN_IDENTITY[sdk=iphoneos*]" = "iPhone Developer";
				COPY_PHASE_STRIP = NO;
				DEBUG_INFORMATION_FORMAT = dwarf;
				ENABLE_STRICT_OBJC_MSGSEND = YES;
				ENABLE_TESTABILITY = YES;
				GCC_C_LANGUAGE_STANDARD = gnu99;
				GCC_DYNAMIC_NO_PIC = NO;
				GCC_NO_COMMON_BLOCKS = YES;
				GCC_OPTIMIZATION_LEVEL = 0;
				GCC_PREPROCESSOR_DEFINITIONS = (
					"DEBUG=1",
					"$(inherited)",
				);
				GCC_WARN_64_TO_32_BIT_CONVERSION = YES;
				GCC_WARN_ABOUT_RETURN_TYPE = YES_ERROR;
				GCC_WARN_UNDECLARED_SELECTOR = YES;
				GCC_WARN_UNINITIALIZED_AUTOS = YES_AGGRESSIVE;
				GCC_WARN_UNUSED_FUNCTION = YES;
				GCC_WARN_UNUSED_VARIABLE = YES;
				IPHONEOS_DEPLOYMENT_TARGET = 10.0;
				MTL_ENABLE_DEBUG_INFO = YES;
				ONLY_ACTIVE_ARCH = YES;
				SDKROOT = iphoneos;
			};
			name = Debug;
		};
		0C65C8141DBDDEE9001CAA2B /* Release */ = {
			isa = XCBuildConfiguration;
			buildSettings = {
				ALWAYS_SEARCH_USER_PATHS = NO;
				CLANG_ANALYZER_NONNULL = YES;
				CLANG_CXX_LANGUAGE_STANDARD = "gnu++0x";
				CLANG_CXX_LIBRARY = "libc++";
				CLANG_ENABLE_MODULES = YES;
				CLANG_ENABLE_OBJC_ARC = YES;
				CLANG_WARN_BOOL_CONVERSION = YES;
				CLANG_WARN_CONSTANT_CONVERSION = YES;
				CLANG_WARN_DIRECT_OBJC_ISA_USAGE = YES_ERROR;
				CLANG_WARN_DOCUMENTATION_COMMENTS = YES;
				CLANG_WARN_EMPTY_BODY = YES;
				CLANG_WARN_ENUM_CONVERSION = YES;
				CLANG_WARN_INFINITE_RECURSION = YES;
				CLANG_WARN_INT_CONVERSION = YES;
				CLANG_WARN_OBJC_ROOT_CLASS = YES_ERROR;
				CLANG_WARN_SUSPICIOUS_MOVES = YES;
				CLANG_WARN_UNREACHABLE_CODE = YES;
				CLANG_WARN__DUPLICATE_METHOD_MATCH = YES;
				"CODE_SIGN_IDENTITY[sdk=iphoneos*]" = "iPhone Developer";
				COPY_PHASE_STRIP = NO;
				DEBUG_INFORMATION_FORMAT = "dwarf-with-dsym";
				ENABLE_NS_ASSERTIONS = NO;
				ENABLE_STRICT_OBJC_MSGSEND = YES;
				GCC_C_LANGUAGE_STANDARD = gnu99;
				GCC_NO_COMMON_BLOCKS = YES;
				GCC_WARN_64_TO_32_BIT_CONVERSION = YES;
				GCC_WARN_ABOUT_RETURN_TYPE = YES_ERROR;
				GCC_WARN_UNDECLARED_SELECTOR = YES;
				GCC_WARN_UNINITIALIZED_AUTOS = YES_AGGRESSIVE;
				GCC_WARN_UNUSED_FUNCTION = YES;
				GCC_WARN_UNUSED_VARIABLE = YES;
				IPHONEOS_DEPLOYMENT_TARGET = 10.0;
				MTL_ENABLE_DEBUG_INFO = NO;
				SDKROOT = iphoneos;
				VALIDATE_PRODUCT = YES;
			};
			name = Release;
		};
		0C65C8161DBDDEE9001CAA2B /* Debug */ = {
			isa = XCBuildConfiguration;
			buildSettings = {
				ASSETCATALOG_COMPILER_APPICON_NAME = AppIcon;
				INFOPLIST_FILE = PrivateSpecDemo/Info.plist;
				LD_RUNPATH_SEARCH_PATHS = "$(inherited) @executable_path/Frameworks";
				PRODUCT_BUNDLE_IDENTIFIER = com.zhq.PrivateSpecDemo;
				PRODUCT_NAME = "$(TARGET_NAME)";
			};
			name = Debug;
		};
		0C65C8171DBDDEE9001CAA2B /* Release */ = {
			isa = XCBuildConfiguration;
			buildSettings = {
				ASSETCATALOG_COMPILER_APPICON_NAME = AppIcon;
				INFOPLIST_FILE = PrivateSpecDemo/Info.plist;
				LD_RUNPATH_SEARCH_PATHS = "$(inherited) @executable_path/Frameworks";
				PRODUCT_BUNDLE_IDENTIFIER = com.zhq.PrivateSpecDemo;
				PRODUCT_NAME = "$(TARGET_NAME)";
			};
			name = Release;
		};
/* End XCBuildConfiguration section */

/* Begin XCConfigurationList section */
		0C65C7F91DBDDEE9001CAA2B /* Build configuration list for PBXProject "PrivateSpecDemo" */ = {
			isa = XCConfigurationList;
			buildConfigurations = (
				0C65C8131DBDDEE9001CAA2B /* Debug */,
				0C65C8141DBDDEE9001CAA2B /* Release */,
			);
			defaultConfigurationIsVisible = 0;
			defaultConfigurationName = Release;
		};
		0C65C8151DBDDEE9001CAA2B /* Build configuration list for PBXNativeTarget "PrivateSpecDemo" */ = {
			isa = XCConfigurationList;
			buildConfigurations = (
				0C65C8161DBDDEE9001CAA2B /* Debug */,
				0C65C8171DBDDEE9001CAA2B /* Release */,
			);
			defaultConfigurationIsVisible = 0;
			defaultConfigurationName = Release;
		};
/* End XCConfigurationList section */
	};
	rootObject = 0C65C7F61DBDDEE9001CAA2B /* Project object */;
}
